
Microsoft Visual Studio Solution File, Format Version 12.00
# Visual Studio Version 17
VisualStudioVersion = 17.0.31919.166
MinimumVisualStudioVersion = 10.0.40219.1
Project("{FAE04EC0-301F-11D3-BF4B-00C04F79EFBC}") = "Wildlife", "Wildlife.csproj", "{A6FF4758-B79C-4D61-B965-4115EA1A0B0D}"
EndProject
Global
	GlobalSection(SolutionConfigurationPlatforms) = preSolution
		Debug|Any CPU = Debug|Any CPU
		Release|Any CPU = Release|Any CPU
	EndGlobalSection
	GlobalSection(ProjectConfigurationPlatforms) = postSolution
		{A6FF4758-B79C-4D61-B965-4115EA1A0B0D}.Debug|Any CPU.ActiveCfg = Debug|Any CPU
		{A6FF4758-B79C-4D61-B965-4115EA1A0B0D}.Debug|Any CPU.Build.0 = Debug|Any CPU
		{A6FF4758-B79C-4D61-B965-4115EA1A0B0D}.Release|Any CPU.ActiveCfg = Release|Any CPU
		{A6FF4758-B79C-4D61-B965-4115EA1A0B0D}.Release|Any CPU.Build.0 = Release|Any CPU
	EndGlobalSection
	GlobalSection(SolutionProperties) = preSolution
		HideSolutionNode = FALSE
	EndGlobalSection
	GlobalSection(ExtensibilityGlobals) = postSolution
		SolutionGuid = {10D0BAFB-87F7-4C9C-945D-876D70DC4115}
	EndGlobalSection
EndGlobal
